{
  "name": "backstage-plugin-frontend-system-migration-workspace",
  "lockfileVersion": 3,
  "requires": true,
  "packages": {
    "": {
      "name": "backstage-plugin-frontend-system-migration-workspace",
      "workspaces": [
        "codemods/*"
      ]
    },
    "codemods/backstage-plugin-frontend-system-migration": {
      "version": "0.1.0",
      "dependencies": {
        "@jssg/utils": "latest"
      },
      "devDependencies": {
        "@codemod.com/jssg-types": "latest",
        "codemod": "^1.7.11",
        "typescript": "latest"
      }
    },
    "node_modules/@codemod.com/cli-darwin-arm64": {
      "version": "1.7.11",
      "resolved": "https://registry.npmjs.org/@codemod.com/cli-darwin-arm64/-/cli-darwin-arm64-1.7.11.tgz",
      "integrity": "sha512-dE/cjW0sT5YKR0jwGH0jr17zV3vtBA53vpWObhgK6mBWRPgBrN5bSdYgldLIcleUHkfQiydRu4n+qZdz9FOtgQ==",
      "cpu": [
        "arm64"
      ],
      "dev": true,
      "license": "Apache-2.0",
      "optional": true,
      "os": [
        "darwin"
      ],
      "engines": {
        "node": ">= 10"
      }
    },
    "node_modules/@codemod.com/cli-darwin-x64": {
      "version": "1.7.11",
      "resolved": "https://registry.npmjs.org/@codemod.com/cli-darwin-x64/-/cli-darwin-x64-1.7.11.tgz",
      "integrity": "sha512-+lv43KcLQkiq5Ph1ICPpMNBZS+zy71Q2Vs6EvFJogGrMWpQ7inx010sNTbwJRQ4mlf06/OzCJK+K+8pHaOFB5Q==",
      "cpu": [
        "x64"
      ],
      "dev": true,
      "license": "Apache-2.0",
      "optional": true,
      "os": [
        "darwin"
      ],
      "engines": {
        "node": ">= 10"
      }
    },
    "node_modules/@codemod.com/cli-linux-arm64-gnu": {
      "version": "1.7.11",
      "resolved": "https://registry.npmjs.org/@codemod.com/cli-linux-arm64-gnu/-/cli-linux-arm64-gnu-1.7.11.tgz",
      "integrity": "sha512-fwTZ9rdi0K3ltsvt630QEWW1upZGapCCOWngczNHCLUdQ9rr6LCFW40eq97GBvfutZRNAVofrDCks/3q1CbCqw==",
      "cpu": [
        "arm64"
      ],
      "dev": true,
      "license": "Apache-2.0",
      "optional": true,
      "os": [
        "linux"
      ],
      "engines": {
        "node": ">= 10"
      }
    },
    "node_modules/@codemod.com/cli-linux-x64-gnu": {
      "version": "1.7.11",
      "resolved": "https://registry.npmjs.org/@codemod.com/cli-linux-x64-gnu/-/cli-linux-x64-gnu-1.7.11.tgz",
      "integrity": "sha512-3wG8uJlKmEdc+EJcDiuFD8I9qXAgjHYt/sgvcJZgtJem6/NEbJ7qbLhteGHYOat61l+u+cs6iMwOQ7JEDSzJcg==",
      "cpu": [
        "x64"
      ],
      "dev": true,
      "license": "Apache-2.0",
      "optional": true,
      "os": [
        "linux"
      ],
      "engines": {
        "node": ">= 10"
      }
    },
    "node_modules/@codemod.com/cli-win32-x64-msvc": {
      "version": "1.7.11",
      "resolved": "https://registry.npmjs.org/@codemod.com/cli-win32-x64-msvc/-/cli-win32-x64-msvc-1.7.11.tgz",
      "integrity": "sha512-YXabpaVKrPomfCduIH360NKNVDwpvdB8JZacIlkFvqJdzA3H4hjFDf7VvxVgSTreyVlVGlGycjy2nbnBb8evEQ==",
      "cpu": [
        "x64"
      ],
      "dev": true,
      "license": "Apache-2.0",
      "optional": true,
      "os": [
        "win32"
      ],
      "engines": {
        "node": ">= 10"
      }
    },
    "node_modules/@codemod.com/jssg-types": {
      "version": "1.5.1",
      "resolved": "https://registry.npmjs.org/@codemod.com/jssg-types/-/jssg-types-1.5.1.tgz",
      "integrity": "sha512-pCngSoz7hpNiMMkoVi+b4uqy7cA2XuJqEaOx52KYN/25bOdzJ7IqU9DEMukOKnWyFt9iy3UBinayit1P1+9wXA==",
      "dev": true,
      "license": "Apache-2.0"
    },
    "node_modules/@jssg/utils": {
      "version": "0.0.2",
      "resolved": "https://registry.npmjs.org/@jssg/utils/-/utils-0.0.2.tgz",
      "integrity": "sha512-eCQv5Xs9yfI6OKq2PQ8SyKsxPhdiaJY/XAFJmsZiVbsK5DIBBmGBA95CsyD4JFWXDKkNv6Q7ER/Kbp6/uWzB2w==",
      "license": "Apache-2.0"
    },
    "node_modules/backstage-plugin-frontend-system-migration": {
      "resolved": "codemods/backstage-plugin-frontend-system-migration",
      "link": true
    },
    "node_modules/codemod": {
      "version": "1.7.11",
      "resolved": "https://registry.npmjs.org/codemod/-/codemod-1.7.11.tgz",
      "integrity": "sha512-rfbd5HWUugz+27+YJUZ7tqRWVkKhKl+Gtab7L3Oq/9AJvFOFpONEKju6Jkv9UJDWSKwpWjAZ9xupb3MzHxxsRg==",
      "dev": true,
      "license": "Apache-2.0",
      "dependencies": {
        "detect-libc": "^2.0.3"
      },
      "bin": {
        "codemod": "codemod"
      },
      "engines": {
        "node": ">= 16.0.0"
      },
      "optionalDependencies": {
        "@codemod.com/cli-darwin-arm64": "1.7.11",
        "@codemod.com/cli-darwin-x64": "1.7.11",
        "@codemod.com/cli-linux-arm64-gnu": "1.7.11",
        "@codemod.com/cli-linux-x64-gnu": "1.7.11",
        "@codemod.com/cli-win32-x64-msvc": "1.7.11"
      }
    },
    "node_modules/detect-libc": {
      "version": "2.1.2",
      "resolved": "https://registry.npmjs.org/detect-libc/-/detect-libc-2.1.2.tgz",
      "integrity": "sha512-Btj2BOOO83o3WyH59e8MgXsxEQVcarkUOpEYrubB0urwnN10yQ364rsiByU11nZlqWYZm05i/of7io4mzihBtQ==",
      "dev": true,
      "license": "Apache-2.0",
      "engines": {
        "node": ">=8"
      }
    },
    "node_modules/typescript": {
      "version": "6.0.2",
      "resolved": "https://registry.npmjs.org/typescript/-/typescript-6.0.2.tgz",
      "integrity": "sha512-bGdAIrZ0wiGDo5l8c++HWtbaNCWTS4UTv7RaTH/ThVIgjkveJt83m74bBHMJkuCbslY8ixgLBVZJIOiQlQTjfQ==",
      "dev": true,
      "license": "Apache-2.0",
      "bin": {
        "tsc": "bin/tsc",
        "tsserver": "bin/tsserver"
      },
      "engines": {
        "node": ">=14.17"
      }
    }
  }
}
