# THIS IS AN AUTOGENERATED FILE. DO NOT EDIT THIS FILE DIRECTLY.
# yarn lockfile v1


"@codemod.com/jssg-types@latest":
  version "1.5.1"
  resolved "https://registry.yarnpkg.com/@codemod.com/jssg-types/-/jssg-types-1.5.1.tgz#cd780cb21657718f5612b6e0e699162979231972"
  integrity sha512-pCngSoz7hpNiMMkoVi+b4uqy7cA2XuJqEaOx52KYN/25bOdzJ7IqU9DEMukOKnWyFt9iy3UBinayit1P1+9wXA==

typescript@latest:
  version "6.0.2"
  resolved "https://registry.yarnpkg.com/typescript/-/typescript-6.0.2.tgz#0b1bfb15f68c64b97032f3d78abbf98bdbba501f"
  integrity sha512-bGdAIrZ0wiGDo5l8c++HWtbaNCWTS4UTv7RaTH/ThVIgjkveJt83m74bBHMJkuCbslY8ixgLBVZJIOiQlQTjfQ==
