# THIS IS AN AUTOGENERATED FILE. DO NOT EDIT THIS FILE DIRECTLY.
# yarn lockfile v1


"@codemod.com/cli-darwin-arm64@1.7.11":
  version "1.7.11"
  resolved "https://registry.npmjs.org/@codemod.com/cli-darwin-arm64/-/cli-darwin-arm64-1.7.11.tgz"
  integrity sha512-dE/cjW0sT5YKR0jwGH0jr17zV3vtBA53vpWObhgK6mBWRPgBrN5bSdYgldLIcleUHkfQiydRu4n+qZdz9FOtgQ==

"@codemod.com/jssg-types@latest":
  version "1.5.1"
  resolved "https://registry.npmjs.org/@codemod.com/jssg-types/-/jssg-types-1.5.1.tgz"
  integrity sha512-pCngSoz7hpNiMMkoVi+b4uqy7cA2XuJqEaOx52KYN/25bOdzJ7IqU9DEMukOKnWyFt9iy3UBinayit1P1+9wXA==

"@jssg/utils@latest":
  version "0.0.2"
  resolved "https://registry.npmjs.org/@jssg/utils/-/utils-0.0.2.tgz"
  integrity sha512-eCQv5Xs9yfI6OKq2PQ8SyKsxPhdiaJY/XAFJmsZiVbsK5DIBBmGBA95CsyD4JFWXDKkNv6Q7ER/Kbp6/uWzB2w==

"backstage-plugin-frontend-system-migration@file:/Users/alexbit/Documents/Playground/backstage-codemods/codemods/backstage-plugin-frontend-system-migration":
  version "0.1.0"
  resolved "file:codemods/backstage-plugin-frontend-system-migration"
  dependencies:
    "@jssg/utils" latest

codemod@^1.7.11:
  version "1.7.11"
  resolved "https://registry.npmjs.org/codemod/-/codemod-1.7.11.tgz"
  integrity sha512-rfbd5HWUugz+27+YJUZ7tqRWVkKhKl+Gtab7L3Oq/9AJvFOFpONEKju6Jkv9UJDWSKwpWjAZ9xupb3MzHxxsRg==
  dependencies:
    detect-libc "^2.0.3"
  optionalDependencies:
    "@codemod.com/cli-darwin-arm64" "1.7.11"
    "@codemod.com/cli-darwin-x64" "1.7.11"
    "@codemod.com/cli-linux-arm64-gnu" "1.7.11"
    "@codemod.com/cli-linux-x64-gnu" "1.7.11"
    "@codemod.com/cli-win32-x64-msvc" "1.7.11"

detect-libc@^2.0.3:
  version "2.1.2"
  resolved "https://registry.npmjs.org/detect-libc/-/detect-libc-2.1.2.tgz"
  integrity sha512-Btj2BOOO83o3WyH59e8MgXsxEQVcarkUOpEYrubB0urwnN10yQ364rsiByU11nZlqWYZm05i/of7io4mzihBtQ==

typescript@latest:
  version "6.0.2"
  resolved "https://registry.npmjs.org/typescript/-/typescript-6.0.2.tgz"
  integrity sha512-bGdAIrZ0wiGDo5l8c++HWtbaNCWTS4UTv7RaTH/ThVIgjkveJt83m74bBHMJkuCbslY8ixgLBVZJIOiQlQTjfQ==
