# THIS IS AN AUTOGENERATED FILE. DO NOT EDIT THIS FILE DIRECTLY.
# yarn lockfile v1


"@codemod.com/jssg-types@latest":
  version "1.5.1"
  resolved "https://registry.npmjs.org/@codemod.com/jssg-types/-/jssg-types-1.5.1.tgz"
  integrity sha512-pCngSoz7hpNiMMkoVi+b4uqy7cA2XuJqEaOx52KYN/25bOdzJ7IqU9DEMukOKnWyFt9iy3UBinayit1P1+9wXA==

"@jssg/utils@latest":
  version "0.0.2"
  resolved "https://registry.npmjs.org/@jssg/utils/-/utils-0.0.2.tgz"
  integrity sha512-eCQv5Xs9yfI6OKq2PQ8SyKsxPhdiaJY/XAFJmsZiVbsK5DIBBmGBA95CsyD4JFWXDKkNv6Q7ER/Kbp6/uWzB2w==

"backstage-plugin-frontend-system-migration@file:/Users/alexbit/Documents/Playground/backstage-codemods/codemods/backstage-plugin-frontend-system-migration":
  version "0.1.0"
  resolved "file:codemods/backstage-plugin-frontend-system-migration"
  dependencies:
    "@jssg/utils" latest

typescript@latest:
  version "6.0.2"
  resolved "https://registry.npmjs.org/typescript/-/typescript-6.0.2.tgz"
  integrity sha512-bGdAIrZ0wiGDo5l8c++HWtbaNCWTS4UTv7RaTH/ThVIgjkveJt83m74bBHMJkuCbslY8ixgLBVZJIOiQlQTjfQ==
